
Microsoft Visual Studio Solution File, Format Version 12.00
# Visual Studio Version 17
VisualStudioVersion = 17.5.33530.505
MinimumVisualStudioVersion = 10.0.40219.1
Project("{FAE04EC0-301F-11D3-BF4B-00C04F79EFBC}") = "4 Data Types", "4 Data Types.csproj", "{FAED22F3-9BCE-48E9-8132-4403226EB58F}"
EndProject
Global
	GlobalSection(SolutionConfigurationPlatforms) = preSolution
		Debug|Any CPU = Debug|Any CPU
		Release|Any CPU = Release|Any CPU
	EndGlobalSection
	GlobalSection(ProjectConfigurationPlatforms) = postSolution
		{FAED22F3-9BCE-48E9-8132-4403226EB58F}.Debug|Any CPU.ActiveCfg = Debug|Any CPU
		{FAED22F3-9BCE-48E9-8132-4403226EB58F}.Debug|Any CPU.Build.0 = Debug|Any CPU
		{FAED22F3-9BCE-48E9-8132-4403226EB58F}.Release|Any CPU.ActiveCfg = Release|Any CPU
		{FAED22F3-9BCE-48E9-8132-4403226EB58F}.Release|Any CPU.Build.0 = Release|Any CPU
	EndGlobalSection
	GlobalSection(SolutionProperties) = preSolution
		HideSolutionNode = FALSE
	EndGlobalSection
	GlobalSection(ExtensibilityGlobals) = postSolution
		SolutionGuid = {EAE2DA00-429C-44C7-B338-ADBC68833034}
	EndGlobalSection
EndGlobal
